
Microsoft Visual Studio Solution File, Format Version 12.00
# Visual Studio Version 16
VisualStudioVersion = 16.0.31624.102
MinimumVisualStudioVersion = 10.0.40219.1
Project("{9A19103F-16F7-4668-BE54-9A1E7A4F7556}") = "Vivarni.Domain.Core", "src\Vivarni.Domain.Core.csproj", "{D3031F5E-E43A-4F50-ADD7-CEB9280F494B}"
EndProject
Global
	GlobalSection(SolutionConfigurationPlatforms) = preSolution
		Debug|Any CPU = Debug|Any CPU
		Release|Any CPU = Release|Any CPU
	EndGlobalSection
	GlobalSection(ProjectConfigurationPlatforms) = postSolution
		{D3031F5E-E43A-4F50-ADD7-CEB9280F494B}.Debug|Any CPU.ActiveCfg = Debug|Any CPU
		{D3031F5E-E43A-4F50-ADD7-CEB9280F494B}.Debug|Any CPU.Build.0 = Debug|Any CPU
		{D3031F5E-E43A-4F50-ADD7-CEB9280F494B}.Release|Any CPU.ActiveCfg = Release|Any CPU
		{D3031F5E-E43A-4F50-ADD7-CEB9280F494B}.Release|Any CPU.Build.0 = Release|Any CPU
	EndGlobalSection
	GlobalSection(SolutionProperties) = preSolution
		HideSolutionNode = FALSE
	EndGlobalSection
	GlobalSection(ExtensibilityGlobals) = postSolution
		SolutionGuid = {6D195989-3704-4AE1-B21B-12D5A768B8A3}
	EndGlobalSection
EndGlobal
