
Microsoft Visual Studio Solution File, Format Version 12.00
# Visual Studio Version 17
VisualStudioVersion = 17.0.32014.148
MinimumVisualStudioVersion = 10.0.40219.1
Project("{9A19103F-16F7-4668-BE54-9A1E7A4F7556}") = "Vivarni.DDD.Infrastructure", "src\Vivarni.DDD.Infrastructure\Vivarni.DDD.Infrastructure.csproj", "{14636973-4861-4654-AE07-C57EAABD34D0}"
EndProject
Project("{9A19103F-16F7-4668-BE54-9A1E7A4F7556}") = "Vivarni.DDD.Core", "src\Vivarni.DDD.Core\Vivarni.DDD.Core.csproj", "{D71D1FBF-86E2-48D7-8532-621FC63076C5}"
EndProject
Global
	GlobalSection(SolutionConfigurationPlatforms) = preSolution
		Debug|Any CPU = Debug|Any CPU
		Release|Any CPU = Release|Any CPU
	EndGlobalSection
	GlobalSection(ProjectConfigurationPlatforms) = postSolution
		{14636973-4861-4654-AE07-C57EAABD34D0}.Debug|Any CPU.ActiveCfg = Debug|Any CPU
		{14636973-4861-4654-AE07-C57EAABD34D0}.Debug|Any CPU.Build.0 = Debug|Any CPU
		{14636973-4861-4654-AE07-C57EAABD34D0}.Release|Any CPU.ActiveCfg = Release|Any CPU
		{14636973-4861-4654-AE07-C57EAABD34D0}.Release|Any CPU.Build.0 = Release|Any CPU
		{D71D1FBF-86E2-48D7-8532-621FC63076C5}.Debug|Any CPU.ActiveCfg = Debug|Any CPU
		{D71D1FBF-86E2-48D7-8532-621FC63076C5}.Debug|Any CPU.Build.0 = Debug|Any CPU
		{D71D1FBF-86E2-48D7-8532-621FC63076C5}.Release|Any CPU.ActiveCfg = Release|Any CPU
		{D71D1FBF-86E2-48D7-8532-621FC63076C5}.Release|Any CPU.Build.0 = Release|Any CPU
	EndGlobalSection
	GlobalSection(SolutionProperties) = preSolution
		HideSolutionNode = FALSE
	EndGlobalSection
	GlobalSection(ExtensibilityGlobals) = postSolution
		SolutionGuid = {6D195989-3704-4AE1-B21B-12D5A768B8A3}
	EndGlobalSection
EndGlobal
